
Microsoft Visual Studio Solution File, Format Version 12.00
Project("{FAE04EC0-301F-11D3-BF4B-00C04F79EFBC}") = "FactoryForm", "FactoryForm\FactoryForm.csproj", "{C8EF0B07-242C-42AF-9E3F-A95D277A4BD9}"
EndProject
Project("{FAE04EC0-301F-11D3-BF4B-00C04F79EFBC}") = "FactoryDomain", "FactoryDomain\FactoryDomain.csproj", "{39347A38-CF56-4F8A-8893-26BF253E75FB}"
EndProject
Global
	GlobalSection(SolutionConfigurationPlatforms) = preSolution
		Debug|Any CPU = Debug|Any CPU
		Release|Any CPU = Release|Any CPU
	EndGlobalSection
	GlobalSection(ProjectConfigurationPlatforms) = postSolution
		{C8EF0B07-242C-42AF-9E3F-A95D277A4BD9}.Debug|Any CPU.ActiveCfg = Debug|Any CPU
		{C8EF0B07-242C-42AF-9E3F-A95D277A4BD9}.Debug|Any CPU.Build.0 = Debug|Any CPU
		{C8EF0B07-242C-42AF-9E3F-A95D277A4BD9}.Release|Any CPU.ActiveCfg = Release|Any CPU
		{C8EF0B07-242C-42AF-9E3F-A95D277A4BD9}.Release|Any CPU.Build.0 = Release|Any CPU
		{39347A38-CF56-4F8A-8893-26BF253E75FB}.Debug|Any CPU.ActiveCfg = Debug|Any CPU
		{39347A38-CF56-4F8A-8893-26BF253E75FB}.Debug|Any CPU.Build.0 = Debug|Any CPU
		{39347A38-CF56-4F8A-8893-26BF253E75FB}.Release|Any CPU.ActiveCfg = Release|Any CPU
		{39347A38-CF56-4F8A-8893-26BF253E75FB}.Release|Any CPU.Build.0 = Release|Any CPU
	EndGlobalSection
EndGlobal
